// !$*UTF8*$!
{
	archiveVersion = 1;
	classes = {
	};
	objectVersion = 46;
	objects = {

/* Begin PBXBuildFile section */
		43038DE31EDF1FE900EE2DE8 /* QuestionFactory.m in Sources */ = {isa = PBXBuildFile; fileRef = 43038DE21EDF1FE900EE2DE8 /* QuestionFactory.m */; };
		4309E0451EDDDB0000D96247 /* main.m in Sources */ = {isa = PBXBuildFile; fileRef = 4309E0441EDDDB0000D96247 /* main.m */; };
		4309E04D1EDDE1D600D96247 /* Question.m in Sources */ = {isa = PBXBuildFile; fileRef = 4309E04C1EDDE1D600D96247 /* Question.m */; };
		4309E0501EDDEF4E00D96247 /* InputHandler.m in Sources */ = {isa = PBXBuildFile; fileRef = 4309E04F1EDDEF4E00D96247 /* InputHandler.m */; };
		4309E0531EDDF1AD00D96247 /* ScoreKeeper.m in Sources */ = {isa = PBXBuildFile; fileRef = 4309E0521EDDF1AD00D96247 /* ScoreKeeper.m */; };
		4309E0751EDE293A00D96247 /* QuestionManager.m in Sources */ = {isa = PBXBuildFile; fileRef = 4309E0741EDE293A00D96247 /* QuestionManager.m */; };
		4309E0781EDE303000D96247 /* AdditionQuestion.m in Sources */ = {isa = PBXBuildFile; fileRef = 4309E0771EDE303000D96247 /* AdditionQuestion.m */; };
		4309E07B1EDEA1BC00D96247 /* SubtractionQuestion.m in Sources */ = {isa = PBXBuildFile; fileRef = 4309E07A1EDEA1BC00D96247 /* SubtractionQuestion.m */; };
		4309E07E1EDEA1CF00D96247 /* MultiplicationQuestion.m in Sources */ = {isa = PBXBuildFile; fileRef = 4309E07D1EDEA1CF00D96247 /* MultiplicationQuestion.m */; };
		4309E0811EDEA1DB00D96247 /* DivisionQuestion.m in Sources */ = {isa = PBXBuildFile; fileRef = 4309E0801EDEA1DB00D96247 /* DivisionQuestion.m */; };
/* End PBXBuildFile section */

/* Begin PBXCopyFilesBuildPhase section */
		4309E03F1EDDDB0000D96247 /* CopyFiles */ = {
			isa = PBXCopyFilesBuildPhase;
			buildActionMask = 2147483647;
			dstPath = /usr/share/man/man1/;
			dstSubfolderSpec = 0;
			files = (
			);
			runOnlyForDeploymentPostprocessing = 1;
		};
/* End PBXCopyFilesBuildPhase section */

/* Begin PBXFileReference section */
		43038DE11EDF1FE900EE2DE8 /* QuestionFactory.h */ = {isa = PBXFileReference; fileEncoding = 4; lastKnownFileType = sourcecode.c.h; path = QuestionFactory.h; sourceTree = "<group>"; };
		43038DE21EDF1FE900EE2DE8 /* QuestionFactory.m */ = {isa = PBXFileReference; fileEncoding = 4; lastKnownFileType = sourcecode.c.objc; path = QuestionFactory.m; sourceTree = "<group>"; };
		4309E0411EDDDB0000D96247 /* Maths */ = {isa = PBXFileReference; explicitFileType = "compiled.mach-o.executable"; includeInIndex = 0; path = Maths; sourceTree = BUILT_PRODUCTS_DIR; };
		4309E0441EDDDB0000D96247 /* main.m */ = {isa = PBXFileReference; lastKnownFileType = sourcecode.c.objc; path = main.m; sourceTree = "<group>"; };
		4309E04B1EDDE1BE00D96247 /* Question.h */ = {isa = PBXFileReference; lastKnownFileType = sourcecode.c.h; path = Question.h; sourceTree = "<group>"; };
		4309E04C1EDDE1D600D96247 /* Question.m */ = {isa = PBXFileReference; fileEncoding = 4; lastKnownFileType = sourcecode.c.objc; path = Question.m; sourceTree = "<group>"; };
		4309E04E1EDDEF3800D96247 /* InputHandler.h */ = {isa = PBXFileReference; lastKnownFileType = sourcecode.c.h; path = InputHandler.h; sourceTree = "<group>"; };
		4309E04F1EDDEF4E00D96247 /* InputHandler.m */ = {isa = PBXFileReference; fileEncoding = 4; lastKnownFileType = sourcecode.c.objc; path = InputHandler.m; sourceTree = "<group>"; };
		4309E0511EDDF19A00D96247 /* ScoreKeeper.h */ = {isa = PBXFileReference; lastKnownFileType = sourcecode.c.h; path = ScoreKeeper.h; sourceTree = "<group>"; };
		4309E0521EDDF1AD00D96247 /* ScoreKeeper.m */ = {isa = PBXFileReference; fileEncoding = 4; lastKnownFileType = sourcecode.c.objc; path = ScoreKeeper.m; sourceTree = "<group>"; };
		4309E0731EDE290100D96247 /* QuestionManager.h */ = {isa = PBXFileReference; lastKnownFileType = sourcecode.c.h; path = QuestionManager.h; sourceTree = "<group>"; };
		4309E0741EDE293A00D96247 /* QuestionManager.m */ = {isa = PBXFileReference; fileEncoding = 4; lastKnownFileType = sourcecode.c.objc; path = QuestionManager.m; sourceTree = "<group>"; };
		4309E0761EDE303000D96247 /* AdditionQuestion.h */ = {isa = PBXFileReference; fileEncoding = 4; lastKnownFileType = sourcecode.c.h; path = AdditionQuestion.h; sourceTree = "<group>"; };
		4309E0771EDE303000D96247 /* AdditionQuestion.m */ = {isa = PBXFileReference; fileEncoding = 4; lastKnownFileType = sourcecode.c.objc; path = AdditionQuestion.m; sourceTree = "<group>"; };
		4309E0791EDEA1BC00D96247 /* SubtractionQuestion.h */ = {isa = PBXFileReference; fileEncoding = 4; lastKnownFileType = sourcecode.c.h; path = SubtractionQuestion.h; sourceTree = "<group>"; };
		4309E07A1EDEA1BC00D96247 /* SubtractionQuestion.m */ = {isa = PBXFileReference; fileEncoding = 4; lastKnownFileType = sourcecode.c.objc; path = SubtractionQuestion.m; sourceTree = "<group>"; };
		4309E07C1EDEA1CF00D96247 /* MultiplicationQuestion.h */ = {isa = PBXFileReference; fileEncoding = 4; lastKnownFileType = sourcecode.c.h; path = MultiplicationQuestion.h; sourceTree = "<group>"; };
		4309E07D1EDEA1CF00D96247 /* MultiplicationQuestion.m */ = {isa = PBXFileReference; fileEncoding = 4; lastKnownFileType = sourcecode.c.objc; path = MultiplicationQuestion.m; sourceTree = "<group>"; };
		4309E07F1EDEA1DB00D96247 /* DivisionQuestion.h */ = {isa = PBXFileReference; fileEncoding = 4; lastKnownFileType = sourcecode.c.h; path = DivisionQuestion.h; sourceTree = "<group>"; };
		4309E0801EDEA1DB00D96247 /* DivisionQuestion.m */ = {isa = PBXFileReference; fileEncoding = 4; lastKnownFileType = sourcecode.c.objc; path = DivisionQuestion.m; sourceTree = "<group>"; };
/* End PBXFileReference section */

/* Begin PBXFrameworksBuildPhase section */
		4309E03E1EDDDB0000D96247 /* Frameworks */ = {
			isa = PBXFrameworksBuildPhase;
			buildActionMask = 2147483647;
			files = (
			);
			runOnlyForDeploymentPostprocessing = 0;
		};
/* End PBXFrameworksBuildPhase section */

/* Begin PBXGroup section */
		4309E0381EDDDB0000D96247 = {
			isa = PBXGroup;
			children = (
				4309E0431EDDDB0000D96247 /* Maths */,
				4309E0421EDDDB0000D96247 /* Products */,
			);
			sourceTree = "<group>";
		};
		4309E0421EDDDB0000D96247 /* Products */ = {
			isa = PBXGroup;
			children = (
				4309E0411EDDDB0000D96247 /* Maths */,
			);
			name = Products;
			sourceTree = "<group>";
		};
		4309E0431EDDDB0000D96247 /* Maths */ = {
			isa = PBXGroup;
			children = (
				4309E0441EDDDB0000D96247 /* main.m */,
				4309E04B1EDDE1BE00D96247 /* Question.h */,
				4309E04C1EDDE1D600D96247 /* Question.m */,
				4309E04E1EDDEF3800D96247 /* InputHandler.h */,
				4309E04F1EDDEF4E00D96247 /* InputHandler.m */,
				4309E0511EDDF19A00D96247 /* ScoreKeeper.h */,
				4309E0521EDDF1AD00D96247 /* ScoreKeeper.m */,
				4309E0731EDE290100D96247 /* QuestionManager.h */,
				4309E0741EDE293A00D96247 /* QuestionManager.m */,
				4309E0761EDE303000D96247 /* AdditionQuestion.h */,
				4309E0771EDE303000D96247 /* AdditionQuestion.m */,
				4309E0791EDEA1BC00D96247 /* SubtractionQuestion.h */,
				4309E07A1EDEA1BC00D96247 /* SubtractionQuestion.m */,
				4309E07C1EDEA1CF00D96247 /* MultiplicationQuestion.h */,
				4309E07D1EDEA1CF00D96247 /* MultiplicationQuestion.m */,
				4309E07F1EDEA1DB00D96247 /* DivisionQuestion.h */,
				4309E0801EDEA1DB00D96247 /* DivisionQuestion.m */,
				43038DE11EDF1FE900EE2DE8 /* QuestionFactory.h */,
				43038DE21EDF1FE900EE2DE8 /* QuestionFactory.m */,
			);
			path = Maths;
			sourceTree = "<group>";
		};
/* End PBXGroup section */

/* Begin PBXNativeTarget section */
		4309E0401EDDDB0000D96247 /* Maths */ = {
			isa = PBXNativeTarget;
			buildConfigurationList = 4309E0481EDDDB0000D96247 /* Build configuration list for PBXNativeTarget "Maths" */;
			buildPhases = (
				4309E03D1EDDDB0000D96247 /* Sources */,
				4309E03E1EDDDB0000D96247 /* Frameworks */,
				4309E03F1EDDDB0000D96247 /* CopyFiles */,
			);
			buildRules = (
			);
			dependencies = (
			);
			name = Maths;
			productName = Maths;
			productReference = 4309E0411EDDDB0000D96247 /* Maths */;
			productType = "com.apple.product-type.tool";
		};
/* End PBXNativeTarget section */

/* Begin PBXProject section */
		4309E0391EDDDB0000D96247 /* Project object */ = {
			isa = PBXProject;
			attributes = {
				LastUpgradeCheck = 0820;
				ORGANIZATIONNAME = "Alex Lee";
				TargetAttributes = {
					4309E0401EDDDB0000D96247 = {
						CreatedOnToolsVersion = 8.2.1;
						ProvisioningStyle = Automatic;
					};
				};
			};
			buildConfigurationList = 4309E03C1EDDDB0000D96247 /* Build configuration list for PBXProject "Maths" */;
			compatibilityVersion = "Xcode 3.2";
			developmentRegion = English;
			hasScannedForEncodings = 0;
			knownRegions = (
				en,
			);
			mainGroup = 4309E0381EDDDB0000D96247;
			productRefGroup = 4309E0421EDDDB0000D96247 /* Products */;
			projectDirPath = "";
			projectRoot = "";
			targets = (
				4309E0401EDDDB0000D96247 /* Maths */,
			);
		};
/* End PBXProject section */

/* Begin PBXSourcesBuildPhase section */
		4309E03D1EDDDB0000D96247 /* Sources */ = {
			isa = PBXSourcesBuildPhase;
			buildActionMask = 2147483647;
			files = (
				4309E0751EDE293A00D96247 /* QuestionManager.m in Sources */,
				4309E07E1EDEA1CF00D96247 /* MultiplicationQuestion.m in Sources */,
				4309E0781EDE303000D96247 /* AdditionQuestion.m in Sources */,
				4309E07B1EDEA1BC00D96247 /* SubtractionQuestion.m in Sources */,
				4309E0531EDDF1AD00D96247 /* ScoreKeeper.m in Sources */,
				4309E0451EDDDB0000D96247 /* main.m in Sources */,
				4309E0811EDEA1DB00D96247 /* DivisionQuestion.m in Sources */,
				4309E0501EDDEF4E00D96247 /* InputHandler.m in Sources */,
				43038DE31EDF1FE900EE2DE8 /* QuestionFactory.m in Sources */,
				4309E04D1EDDE1D600D96247 /* Question.m in Sources */,
			);
			runOnlyForDeploymentPostprocessing = 0;
		};
/* End PBXSourcesBuildPhase section */

/* Begin XCBuildConfiguration section */
		4309E0461EDDDB0000D96247 /* Debug */ = {
			isa = XCBuildConfiguration;
			buildSettings = {
				ALWAYS_SEARCH_USER_PATHS = NO;
				CLANG_ANALYZER_NONNULL = YES;
				CLANG_CXX_LANGUAGE_STANDARD = "gnu++0x";
				CLANG_CXX_LIBRARY = "libc++";
				CLANG_ENABLE_MODULES = YES;
				CLANG_ENABLE_OBJC_ARC = YES;
				CLANG_WARN_BOOL_CONVERSION = YES;
				CLANG_WARN_CONSTANT_CONVERSION = YES;
				CLANG_WARN_DIRECT_OBJC_ISA_USAGE = YES_ERROR;
				CLANG_WARN_DOCUMENTATION_COMMENTS = YES;
				CLANG_WARN_EMPTY_BODY = YES;
				CLANG_WARN_ENUM_CONVERSION = YES;
				CLANG_WARN_INFINITE_RECURSION = YES;
				CLANG_WARN_INT_CONVERSION = YES;
				CLANG_WARN_OBJC_ROOT_CLASS = YES_ERROR;
				CLANG_WARN_SUSPICIOUS_MOVE = YES;
				CLANG_WARN_UNREACHABLE_CODE = YES;
				CLANG_WARN__DUPLICATE_METHOD_MATCH = YES;
				CODE_SIGN_IDENTITY = "-";
				COPY_PHASE_STRIP = NO;
				DEBUG_INFORMATION_FORMAT = dwarf;
				ENABLE_STRICT_OBJC_MSGSEND = YES;
				ENABLE_TESTABILITY = YES;
				GCC_C_LANGUAGE_STANDARD = gnu99;
				GCC_DYNAMIC_NO_PIC = NO;
				GCC_NO_COMMON_BLOCKS = YES;
				GCC_OPTIMIZATION_LEVEL = 0;
				GCC_PREPROCESSOR_DEFINITIONS = (
					"DEBUG=1",
					"$(inherited)",
				);
				GCC_WARN_64_TO_32_BIT_CONVERSION = YES;
				GCC_WARN_ABOUT_RETURN_TYPE = YES_ERROR;
				GCC_WARN_UNDECLARED_SELECTOR = YES;
				GCC_WARN_UNINITIALIZED_AUTOS = YES_AGGRESSIVE;
				GCC_WARN_UNUSED_FUNCTION = YES;
				GCC_WARN_UNUSED_VARIABLE = YES;
				MACOSX_DEPLOYMENT_TARGET = 10.12;
				MTL_ENABLE_DEBUG_INFO = YES;
				ONLY_ACTIVE_ARCH = YES;
				SDKROOT = macosx;
			};
			name = Debug;
		};
		4309E0471EDDDB0000D96247 /* Release */ = {
			isa = XCBuildConfiguration;
			buildSettings = {
				ALWAYS_SEARCH_USER_PATHS = NO;
				CLANG_ANALYZER_NONNULL = YES;
				CLANG_CXX_LANGUAGE_STANDARD = "gnu++0x";
				CLANG_CXX_LIBRARY = "libc++";
				CLANG_ENABLE_MODULES = YES;
				CLANG_ENABLE_OBJC_ARC = YES;
				CLANG_WARN_BOOL_CONVERSION = YES;
				CLANG_WARN_CONSTANT_CONVERSION = YES;
				CLANG_WARN_DIRECT_OBJC_ISA_USAGE = YES_ERROR;
				CLANG_WARN_DOCUMENTATION_COMMENTS = YES;
				CLANG_WARN_EMPTY_BODY = YES;
				CLANG_WARN_ENUM_CONVERSION = YES;
				CLANG_WARN_INFINITE_RECURSION = YES;
				CLANG_WARN_INT_CONVERSION = YES;
				CLANG_WARN_OBJC_ROOT_CLASS = YES_ERROR;
				CLANG_WARN_SUSPICIOUS_MOVE = YES;
				CLANG_WARN_UNREACHABLE_CODE = YES;
				CLANG_WARN__DUPLICATE_METHOD_MATCH = YES;
				CODE_SIGN_IDENTITY = "-";
				COPY_PHASE_STRIP = NO;
				DEBUG_INFORMATION_FORMAT = "dwarf-with-dsym";
				ENABLE_NS_ASSERTIONS = NO;
				ENABLE_STRICT_OBJC_MSGSEND = YES;
				GCC_C_LANGUAGE_STANDARD = gnu99;
				GCC_NO_COMMON_BLOCKS = YES;
				GCC_WARN_64_TO_32_BIT_CONVERSION = YES;
				GCC_WARN_ABOUT_RETURN_TYPE = YES_ERROR;
				GCC_WARN_UNDECLARED_SELECTOR = YES;
				GCC_WARN_UNINITIALIZED_AUTOS = YES_AGGRESSIVE;
				GCC_WARN_UNUSED_FUNCTION = YES;
				GCC_WARN_UNUSED_VARIABLE = YES;
				MACOSX_DEPLOYMENT_TARGET = 10.12;
				MTL_ENABLE_DEBUG_INFO = NO;
				SDKROOT = macosx;
			};
			name = Release;
		};
		4309E0491EDDDB0000D96247 /* Debug */ = {
			isa = XCBuildConfiguration;
			buildSettings = {
				PRODUCT_NAME = "$(TARGET_NAME)";
			};
			name = Debug;
		};
		4309E04A1EDDDB0000D96247 /* Release */ = {
			isa = XCBuildConfiguration;
			buildSettings = {
				PRODUCT_NAME = "$(TARGET_NAME)";
			};
			name = Release;
		};
/* End XCBuildConfiguration section */

/* Begin XCConfigurationList section */
		4309E03C1EDDDB0000D96247 /* Build configuration list for PBXProject "Maths" */ = {
			isa = XCConfigurationList;
			buildConfigurations = (
				4309E0461EDDDB0000D96247 /* Debug */,
				4309E0471EDDDB0000D96247 /* Release */,
			);
			defaultConfigurationIsVisible = 0;
			defaultConfigurationName = Release;
		};
		4309E0481EDDDB0000D96247 /* Build configuration list for PBXNativeTarget "Maths" */ = {
			isa = XCConfigurationList;
			buildConfigurations = (
				4309E0491EDDDB0000D96247 /* Debug */,
				4309E04A1EDDDB0000D96247 /* Release */,
			);
			defaultConfigurationIsVisible = 0;
			defaultConfigurationName = Release;
		};
/* End XCConfigurationList section */
	};
	rootObject = 4309E0391EDDDB0000D96247 /* Project object */;
}
